
Microsoft Visual Studio Solution File, Format Version 12.00
# Visual Studio Version 17
VisualStudioVersion = 17.10.34928.147
MinimumVisualStudioVersion = 10.0.40219.1
Project("{FAE04EC0-301F-11D3-BF4B-00C04F79EFBC}") = "ExceptionDemo_110624", "ExceptionDemo_110624\ExceptionDemo_110624.csproj", "{89CB8705-4110-4B3D-8C1C-9DA32543FE8C}"
EndProject
Global
	GlobalSection(SolutionConfigurationPlatforms) = preSolution
		Debug|Any CPU = Debug|Any CPU
		Release|Any CPU = Release|Any CPU
	EndGlobalSection
	GlobalSection(ProjectConfigurationPlatforms) = postSolution
		{89CB8705-4110-4B3D-8C1C-9DA32543FE8C}.Debug|Any CPU.ActiveCfg = Debug|Any CPU
		{89CB8705-4110-4B3D-8C1C-9DA32543FE8C}.Debug|Any CPU.Build.0 = Debug|Any CPU
		{89CB8705-4110-4B3D-8C1C-9DA32543FE8C}.Release|Any CPU.ActiveCfg = Release|Any CPU
		{89CB8705-4110-4B3D-8C1C-9DA32543FE8C}.Release|Any CPU.Build.0 = Release|Any CPU
	EndGlobalSection
	GlobalSection(SolutionProperties) = preSolution
		HideSolutionNode = FALSE
	EndGlobalSection
	GlobalSection(ExtensibilityGlobals) = postSolution
		SolutionGuid = {50B224CF-4E23-46EB-98F2-0378F30481B2}
	EndGlobalSection
EndGlobal
